
Microsoft Visual Studio Solution File, Format Version 12.00
# Visual Studio 15
VisualStudioVersion = 15.0.28307.329
MinimumVisualStudioVersion = 10.0.40219.1
Project("{FAE04EC0-301F-11D3-BF4B-00C04F79EFBC}") = "ExperimentoMetOrdenamiento", "ExperimentoMetOrdenamiento\ExperimentoMetOrdenamiento.csproj", "{057BCFC5-F5B5-4C27-8A85-DFADDB7E2C17}"
EndProject
Project("{FAE04EC0-301F-11D3-BF4B-00C04F79EFBC}") = "model", "model\model.csproj", "{03D6C856-B330-4EC6-91E8-A8C7602EB18F}"
EndProject
Global
	GlobalSection(SolutionConfigurationPlatforms) = preSolution
		Debug|Any CPU = Debug|Any CPU
		Release|Any CPU = Release|Any CPU
	EndGlobalSection
	GlobalSection(ProjectConfigurationPlatforms) = postSolution
		{057BCFC5-F5B5-4C27-8A85-DFADDB7E2C17}.Debug|Any CPU.ActiveCfg = Debug|Any CPU
		{057BCFC5-F5B5-4C27-8A85-DFADDB7E2C17}.Debug|Any CPU.Build.0 = Debug|Any CPU
		{057BCFC5-F5B5-4C27-8A85-DFADDB7E2C17}.Release|Any CPU.ActiveCfg = Release|Any CPU
		{057BCFC5-F5B5-4C27-8A85-DFADDB7E2C17}.Release|Any CPU.Build.0 = Release|Any CPU
		{03D6C856-B330-4EC6-91E8-A8C7602EB18F}.Debug|Any CPU.ActiveCfg = Debug|Any CPU
		{03D6C856-B330-4EC6-91E8-A8C7602EB18F}.Debug|Any CPU.Build.0 = Debug|Any CPU
		{03D6C856-B330-4EC6-91E8-A8C7602EB18F}.Release|Any CPU.ActiveCfg = Release|Any CPU
		{03D6C856-B330-4EC6-91E8-A8C7602EB18F}.Release|Any CPU.Build.0 = Release|Any CPU
	EndGlobalSection
	GlobalSection(SolutionProperties) = preSolution
		HideSolutionNode = FALSE
	EndGlobalSection
	GlobalSection(ExtensibilityGlobals) = postSolution
		SolutionGuid = {166CC7F0-1B4C-4718-BF1A-06DD93745918}
	EndGlobalSection
EndGlobal
